
Microsoft Visual Studio Solution File, Format Version 12.00
# Visual Studio Version 17
VisualStudioVersion = 17.7.34009.444
MinimumVisualStudioVersion = 10.0.40219.1
Project("{FAE04EC0-301F-11D3-BF4B-00C04F79EFBC}") = "Napilnik", "Napilnik\Napilnik.csproj", "{A8C57DC0-8A18-4135-B179-3669468AA31F}"
EndProject
Global
	GlobalSection(SolutionConfigurationPlatforms) = preSolution
		Debug|Any CPU = Debug|Any CPU
		Release|Any CPU = Release|Any CPU
	EndGlobalSection
	GlobalSection(ProjectConfigurationPlatforms) = postSolution
		{A8C57DC0-8A18-4135-B179-3669468AA31F}.Debug|Any CPU.ActiveCfg = Debug|Any CPU
		{A8C57DC0-8A18-4135-B179-3669468AA31F}.Debug|Any CPU.Build.0 = Debug|Any CPU
		{A8C57DC0-8A18-4135-B179-3669468AA31F}.Release|Any CPU.ActiveCfg = Release|Any CPU
		{A8C57DC0-8A18-4135-B179-3669468AA31F}.Release|Any CPU.Build.0 = Release|Any CPU
	EndGlobalSection
	GlobalSection(SolutionProperties) = preSolution
		HideSolutionNode = FALSE
	EndGlobalSection
	GlobalSection(ExtensibilityGlobals) = postSolution
		SolutionGuid = {7CC64A8E-D0FC-48A7-83DA-114765724C57}
	EndGlobalSection
EndGlobal
